// !$*UTF8*$!
{
	archiveVersion = 1;
	classes = {
	};
	objectVersion = 56;
	objects = {

/* Begin PBXBuildFile section */
		218A4FE4298EDDEC00C37E90 /* Book_CatalogApp.swift in Sources */ = {isa = PBXBuildFile; fileRef = 218A4FE3298EDDEC00C37E90 /* Book_CatalogApp.swift */; };
		218A4FE6298EDDEC00C37E90 /* ContentView.swift in Sources */ = {isa = PBXBuildFile; fileRef = 218A4FE5298EDDEC00C37E90 /* ContentView.swift */; };
		218A4FE8298EDDED00C37E90 /* Assets.xcassets in Resources */ = {isa = PBXBuildFile; fileRef = 218A4FE7298EDDED00C37E90 /* Assets.xcassets */; };
		218A4FEB298EDDED00C37E90 /* Preview Assets.xcassets in Resources */ = {isa = PBXBuildFile; fileRef = 218A4FEA298EDDED00C37E90 /* Preview Assets.xcassets */; };
		218A4FF5298EDDEE00C37E90 /* Book_CatalogTests.swift in Sources */ = {isa = PBXBuildFile; fileRef = 218A4FF4298EDDEE00C37E90 /* Book_CatalogTests.swift */; };
		218A4FFF298EDDEE00C37E90 /* Book_CatalogUITests.swift in Sources */ = {isa = PBXBuildFile; fileRef = 218A4FFE298EDDEE00C37E90 /* Book_CatalogUITests.swift */; };
		218A5001298EDDEE00C37E90 /* Book_CatalogUITestsLaunchTests.swift in Sources */ = {isa = PBXBuildFile; fileRef = 218A5000298EDDEE00C37E90 /* Book_CatalogUITestsLaunchTests.swift */; };
		218A500F298EE5BC00C37E90 /* CircleImage.swift in Sources */ = {isa = PBXBuildFile; fileRef = 218A500E298EE5BC00C37E90 /* CircleImage.swift */; };
		218A5011298EE63400C37E90 /* BookView.swift in Sources */ = {isa = PBXBuildFile; fileRef = 218A5010298EE63400C37E90 /* BookView.swift */; };
		218A5013298EE6AA00C37E90 /* Book.swift in Sources */ = {isa = PBXBuildFile; fileRef = 218A5012298EE6AA00C37E90 /* Book.swift */; };
		218A5015298EE6E100C37E90 /* ModelData.swift in Sources */ = {isa = PBXBuildFile; fileRef = 218A5014298EE6E100C37E90 /* ModelData.swift */; };
		218A5017298EE71200C37E90 /* BookRow.swift in Sources */ = {isa = PBXBuildFile; fileRef = 218A5016298EE71200C37E90 /* BookRow.swift */; };
		218A5019298EE74600C37E90 /* BookList.swift in Sources */ = {isa = PBXBuildFile; fileRef = 218A5018298EE74600C37E90 /* BookList.swift */; };
		218A501B298EE76600C37E90 /* BookDetail.swift in Sources */ = {isa = PBXBuildFile; fileRef = 218A501A298EE76600C37E90 /* BookDetail.swift */; };
		218A501D298EE79000C37E90 /* FavoriteButton.swift in Sources */ = {isa = PBXBuildFile; fileRef = 218A501C298EE79000C37E90 /* FavoriteButton.swift */; };
		218A5020298EE80600C37E90 /* CategoryRow.swift in Sources */ = {isa = PBXBuildFile; fileRef = 218A501F298EE80600C37E90 /* CategoryRow.swift */; };
		218A5022298EE82A00C37E90 /* CategoryHome.swift in Sources */ = {isa = PBXBuildFile; fileRef = 218A5021298EE82A00C37E90 /* CategoryHome.swift */; };
		218A5024298EE84E00C37E90 /* CategoryItem.swift in Sources */ = {isa = PBXBuildFile; fileRef = 218A5023298EE84E00C37E90 /* CategoryItem.swift */; };
		218A5027298EE88200C37E90 /* ProfileHost.swift in Sources */ = {isa = PBXBuildFile; fileRef = 218A5026298EE88200C37E90 /* ProfileHost.swift */; };
		218A5029298EE88E00C37E90 /* Profile.swift in Sources */ = {isa = PBXBuildFile; fileRef = 218A5028298EE88E00C37E90 /* Profile.swift */; };
		218A502B298EE89A00C37E90 /* ProfileSummary.swift in Sources */ = {isa = PBXBuildFile; fileRef = 218A502A298EE89A00C37E90 /* ProfileSummary.swift */; };
		218A502D298EE8AF00C37E90 /* ProfileEditor.swift in Sources */ = {isa = PBXBuildFile; fileRef = 218A502C298EE8AF00C37E90 /* ProfileEditor.swift */; };
		218A502F298EEA8F00C37E90 /* bookData.json in Resources */ = {isa = PBXBuildFile; fileRef = 218A502E298EEA8F00C37E90 /* bookData.json */; };
/* End PBXBuildFile section */

/* Begin PBXContainerItemProxy section */
		218A4FF1298EDDEE00C37E90 /* PBXContainerItemProxy */ = {
			isa = PBXContainerItemProxy;
			containerPortal = 218A4FD8298EDDEC00C37E90 /* Project object */;
			proxyType = 1;
			remoteGlobalIDString = 218A4FDF298EDDEC00C37E90;
			remoteInfo = "Book Catalog";
		};
		218A4FFB298EDDEE00C37E90 /* PBXContainerItemProxy */ = {
			isa = PBXContainerItemProxy;
			containerPortal = 218A4FD8298EDDEC00C37E90 /* Project object */;
			proxyType = 1;
			remoteGlobalIDString = 218A4FDF298EDDEC00C37E90;
			remoteInfo = "Book Catalog";
		};
/* End PBXContainerItemProxy section */

/* Begin PBXFileReference section */
		218A4FE0298EDDEC00C37E90 /* Book Catalog.app */ = {isa = PBXFileReference; explicitFileType = wrapper.application; includeInIndex = 0; path = "Book Catalog.app"; sourceTree = BUILT_PRODUCTS_DIR; };
		218A4FE3298EDDEC00C37E90 /* Book_CatalogApp.swift */ = {isa = PBXFileReference; lastKnownFileType = sourcecode.swift; path = Book_CatalogApp.swift; sourceTree = "<group>"; };
		218A4FE5298EDDEC00C37E90 /* ContentView.swift */ = {isa = PBXFileReference; lastKnownFileType = sourcecode.swift; path = ContentView.swift; sourceTree = "<group>"; };
		218A4FE7298EDDED00C37E90 /* Assets.xcassets */ = {isa = PBXFileReference; lastKnownFileType = folder.assetcatalog; path = Assets.xcassets; sourceTree = "<group>"; };
		218A4FEA298EDDED00C37E90 /* Preview Assets.xcassets */ = {isa = PBXFileReference; lastKnownFileType = folder.assetcatalog; path = "Preview Assets.xcassets"; sourceTree = "<group>"; };
		218A4FF0298EDDEE00C37E90 /* Book CatalogTests.xctest */ = {isa = PBXFileReference; explicitFileType = wrapper.cfbundle; includeInIndex = 0; path = "Book CatalogTests.xctest"; sourceTree = BUILT_PRODUCTS_DIR; };
		218A4FF4298EDDEE00C37E90 /* Book_CatalogTests.swift */ = {isa = PBXFileReference; lastKnownFileType = sourcecode.swift; path = Book_CatalogTests.swift; sourceTree = "<group>"; };
		218A4FFA298EDDEE00C37E90 /* Book CatalogUITests.xctest */ = {isa = PBXFileReference; explicitFileType = wrapper.cfbundle; includeInIndex = 0; path = "Book CatalogUITests.xctest"; sourceTree = BUILT_PRODUCTS_DIR; };
		218A4FFE298EDDEE00C37E90 /* Book_CatalogUITests.swift */ = {isa = PBXFileReference; lastKnownFileType = sourcecode.swift; path = Book_CatalogUITests.swift; sourceTree = "<group>"; };
		218A5000298EDDEE00C37E90 /* Book_CatalogUITestsLaunchTests.swift */ = {isa = PBXFileReference; lastKnownFileType = sourcecode.swift; path = Book_CatalogUITestsLaunchTests.swift; sourceTree = "<group>"; };
		218A500E298EE5BC00C37E90 /* CircleImage.swift */ = {isa = PBXFileReference; lastKnownFileType = sourcecode.swift; path = CircleImage.swift; sourceTree = "<group>"; };
		218A5010298EE63400C37E90 /* BookView.swift */ = {isa = PBXFileReference; lastKnownFileType = sourcecode.swift; path = BookView.swift; sourceTree = "<group>"; };
		218A5012298EE6AA00C37E90 /* Book.swift */ = {isa = PBXFileReference; lastKnownFileType = sourcecode.swift; path = Book.swift; sourceTree = "<group>"; };
		218A5014298EE6E100C37E90 /* ModelData.swift */ = {isa = PBXFileReference; lastKnownFileType = sourcecode.swift; path = ModelData.swift; sourceTree = "<group>"; };
		218A5016298EE71200C37E90 /* BookRow.swift */ = {isa = PBXFileReference; lastKnownFileType = sourcecode.swift; path = BookRow.swift; sourceTree = "<group>"; };
		218A5018298EE74600C37E90 /* BookList.swift */ = {isa = PBXFileReference; lastKnownFileType = sourcecode.swift; path = BookList.swift; sourceTree = "<group>"; };
		218A501A298EE76600C37E90 /* BookDetail.swift */ = {isa = PBXFileReference; lastKnownFileType = sourcecode.swift; path = BookDetail.swift; sourceTree = "<group>"; };
		218A501C298EE79000C37E90 /* FavoriteButton.swift */ = {isa = PBXFileReference; lastKnownFileType = sourcecode.swift; path = FavoriteButton.swift; sourceTree = "<group>"; };
		218A501F298EE80600C37E90 /* CategoryRow.swift */ = {isa = PBXFileReference; lastKnownFileType = sourcecode.swift; path = CategoryRow.swift; sourceTree = "<group>"; };
		218A5021298EE82A00C37E90 /* CategoryHome.swift */ = {isa = PBXFileReference; lastKnownFileType = sourcecode.swift; path = CategoryHome.swift; sourceTree = "<group>"; };
		218A5023298EE84E00C37E90 /* CategoryItem.swift */ = {isa = PBXFileReference; lastKnownFileType = sourcecode.swift; path = CategoryItem.swift; sourceTree = "<group>"; };
		218A5026298EE88200C37E90 /* ProfileHost.swift */ = {isa = PBXFileReference; lastKnownFileType = sourcecode.swift; path = ProfileHost.swift; sourceTree = "<group>"; };
		218A5028298EE88E00C37E90 /* Profile.swift */ = {isa = PBXFileReference; lastKnownFileType = sourcecode.swift; path = Profile.swift; sourceTree = "<group>"; };
		218A502A298EE89A00C37E90 /* ProfileSummary.swift */ = {isa = PBXFileReference; lastKnownFileType = sourcecode.swift; path = ProfileSummary.swift; sourceTree = "<group>"; };
		218A502C298EE8AF00C37E90 /* ProfileEditor.swift */ = {isa = PBXFileReference; lastKnownFileType = sourcecode.swift; path = ProfileEditor.swift; sourceTree = "<group>"; };
		218A502E298EEA8F00C37E90 /* bookData.json */ = {isa = PBXFileReference; fileEncoding = 4; lastKnownFileType = text.json; path = bookData.json; sourceTree = "<group>"; };
/* End PBXFileReference section */

/* Begin PBXFrameworksBuildPhase section */
		218A4FDD298EDDEC00C37E90 /* Frameworks */ = {
			isa = PBXFrameworksBuildPhase;
			buildActionMask = 2147483647;
			files = (
			);
			runOnlyForDeploymentPostprocessing = 0;
		};
		218A4FED298EDDEE00C37E90 /* Frameworks */ = {
			isa = PBXFrameworksBuildPhase;
			buildActionMask = 2147483647;
			files = (
			);
			runOnlyForDeploymentPostprocessing = 0;
		};
		218A4FF7298EDDEE00C37E90 /* Frameworks */ = {
			isa = PBXFrameworksBuildPhase;
			buildActionMask = 2147483647;
			files = (
			);
			runOnlyForDeploymentPostprocessing = 0;
		};
/* End PBXFrameworksBuildPhase section */

/* Begin PBXGroup section */
		218A4FD7298EDDEC00C37E90 = {
			isa = PBXGroup;
			children = (
				218A5025298EE86800C37E90 /* ProfileGroup */,
				218A501E298EE7EE00C37E90 /* CategoryGroup */,
				218A4FE2298EDDEC00C37E90 /* Book Catalog */,
				218A4FF3298EDDEE00C37E90 /* Book CatalogTests */,
				218A4FFD298EDDEE00C37E90 /* Book CatalogUITests */,
				218A4FE1298EDDEC00C37E90 /* Products */,
			);
			sourceTree = "<group>";
		};
		218A4FE1298EDDEC00C37E90 /* Products */ = {
			isa = PBXGroup;
			children = (
				218A4FE0298EDDEC00C37E90 /* Book Catalog.app */,
				218A4FF0298EDDEE00C37E90 /* Book CatalogTests.xctest */,
				218A4FFA298EDDEE00C37E90 /* Book CatalogUITests.xctest */,
			);
			name = Products;
			sourceTree = "<group>";
		};
		218A4FE2298EDDEC00C37E90 /* Book Catalog */ = {
			isa = PBXGroup;
			children = (
				218A502E298EEA8F00C37E90 /* bookData.json */,
				218A500E298EE5BC00C37E90 /* CircleImage.swift */,
				218A4FE3298EDDEC00C37E90 /* Book_CatalogApp.swift */,
				218A4FE5298EDDEC00C37E90 /* ContentView.swift */,
				218A5010298EE63400C37E90 /* BookView.swift */,
				218A4FE7298EDDED00C37E90 /* Assets.xcassets */,
				218A4FE9298EDDED00C37E90 /* Preview Content */,
			);
			path = "Book Catalog";
			sourceTree = "<group>";
		};
		218A4FE9298EDDED00C37E90 /* Preview Content */ = {
			isa = PBXGroup;
			children = (
				218A4FEA298EDDED00C37E90 /* Preview Assets.xcassets */,
				218A5012298EE6AA00C37E90 /* Book.swift */,
				218A5014298EE6E100C37E90 /* ModelData.swift */,
				218A5016298EE71200C37E90 /* BookRow.swift */,
				218A5018298EE74600C37E90 /* BookList.swift */,
				218A501A298EE76600C37E90 /* BookDetail.swift */,
				218A501C298EE79000C37E90 /* FavoriteButton.swift */,
			);
			path = "Preview Content";
			sourceTree = "<group>";
		};
		218A4FF3298EDDEE00C37E90 /* Book CatalogTests */ = {
			isa = PBXGroup;
			children = (
				218A4FF4298EDDEE00C37E90 /* Book_CatalogTests.swift */,
			);
			path = "Book CatalogTests";
			sourceTree = "<group>";
		};
		218A4FFD298EDDEE00C37E90 /* Book CatalogUITests */ = {
			isa = PBXGroup;
			children = (
				218A4FFE298EDDEE00C37E90 /* Book_CatalogUITests.swift */,
				218A5000298EDDEE00C37E90 /* Book_CatalogUITestsLaunchTests.swift */,
			);
			path = "Book CatalogUITests";
			sourceTree = "<group>";
		};
		218A501E298EE7EE00C37E90 /* CategoryGroup */ = {
			isa = PBXGroup;
			children = (
				218A501F298EE80600C37E90 /* CategoryRow.swift */,
				218A5021298EE82A00C37E90 /* CategoryHome.swift */,
				218A5023298EE84E00C37E90 /* CategoryItem.swift */,
			);
			path = CategoryGroup;
			sourceTree = "<group>";
		};
		218A5025298EE86800C37E90 /* ProfileGroup */ = {
			isa = PBXGroup;
			children = (
				218A5026298EE88200C37E90 /* ProfileHost.swift */,
				218A5028298EE88E00C37E90 /* Profile.swift */,
				218A502A298EE89A00C37E90 /* ProfileSummary.swift */,
				218A502C298EE8AF00C37E90 /* ProfileEditor.swift */,
			);
			path = ProfileGroup;
			sourceTree = "<group>";
		};
/* End PBXGroup section */

/* Begin PBXNativeTarget section */
		218A4FDF298EDDEC00C37E90 /* Book Catalog */ = {
			isa = PBXNativeTarget;
			buildConfigurationList = 218A5004298EDDEE00C37E90 /* Build configuration list for PBXNativeTarget "Book Catalog" */;
			buildPhases = (
				218A4FDC298EDDEC00C37E90 /* Sources */,
				218A4FDD298EDDEC00C37E90 /* Frameworks */,
				218A4FDE298EDDEC00C37E90 /* Resources */,
			);
			buildRules = (
			);
			dependencies = (
			);
			name = "Book Catalog";
			productName = "Book Catalog";
			productReference = 218A4FE0298EDDEC00C37E90 /* Book Catalog.app */;
			productType = "com.apple.product-type.application";
		};
		218A4FEF298EDDEE00C37E90 /* Book CatalogTests */ = {
			isa = PBXNativeTarget;
			buildConfigurationList = 218A5007298EDDEE00C37E90 /* Build configuration list for PBXNativeTarget "Book CatalogTests" */;
			buildPhases = (
				218A4FEC298EDDEE00C37E90 /* Sources */,
				218A4FED298EDDEE00C37E90 /* Frameworks */,
				218A4FEE298EDDEE00C37E90 /* Resources */,
			);
			buildRules = (
			);
			dependencies = (
				218A4FF2298EDDEE00C37E90 /* PBXTargetDependency */,
			);
			name = "Book CatalogTests";
			productName = "Book CatalogTests";
			productReference = 218A4FF0298EDDEE00C37E90 /* Book CatalogTests.xctest */;
			productType = "com.apple.product-type.bundle.unit-test";
		};
		218A4FF9298EDDEE00C37E90 /* Book CatalogUITests */ = {
			isa = PBXNativeTarget;
			buildConfigurationList = 218A500A298EDDEE00C37E90 /* Build configuration list for PBXNativeTarget "Book CatalogUITests" */;
			buildPhases = (
				218A4FF6298EDDEE00C37E90 /* Sources */,
				218A4FF7298EDDEE00C37E90 /* Frameworks */,
				218A4FF8298EDDEE00C37E90 /* Resources */,
			);
			buildRules = (
			);
			dependencies = (
				218A4FFC298EDDEE00C37E90 /* PBXTargetDependency */,
			);
			name = "Book CatalogUITests";
			productName = "Book CatalogUITests";
			productReference = 218A4FFA298EDDEE00C37E90 /* Book CatalogUITests.xctest */;
			productType = "com.apple.product-type.bundle.ui-testing";
		};
/* End PBXNativeTarget section */

/* Begin PBXProject section */
		218A4FD8298EDDEC00C37E90 /* Project object */ = {
			isa = PBXProject;
			attributes = {
				BuildIndependentTargetsInParallel = 1;
				LastSwiftUpdateCheck = 1420;
				LastUpgradeCheck = 1420;
				TargetAttributes = {
					218A4FDF298EDDEC00C37E90 = {
						CreatedOnToolsVersion = 14.2;
					};
					218A4FEF298EDDEE00C37E90 = {
						CreatedOnToolsVersion = 14.2;
						TestTargetID = 218A4FDF298EDDEC00C37E90;
					};
					218A4FF9298EDDEE00C37E90 = {
						CreatedOnToolsVersion = 14.2;
						TestTargetID = 218A4FDF298EDDEC00C37E90;
					};
				};
			};
			buildConfigurationList = 218A4FDB298EDDEC00C37E90 /* Build configuration list for PBXProject "Book Catalog" */;
			compatibilityVersion = "Xcode 14.0";
			developmentRegion = en;
			hasScannedForEncodings = 0;
			knownRegions = (
				en,
				Base,
			);
			mainGroup = 218A4FD7298EDDEC00C37E90;
			productRefGroup = 218A4FE1298EDDEC00C37E90 /* Products */;
			projectDirPath = "";
			projectRoot = "";
			targets = (
				218A4FDF298EDDEC00C37E90 /* Book Catalog */,
				218A4FEF298EDDEE00C37E90 /* Book CatalogTests */,
				218A4FF9298EDDEE00C37E90 /* Book CatalogUITests */,
			);
		};
/* End PBXProject section */

/* Begin PBXResourcesBuildPhase section */
		218A4FDE298EDDEC00C37E90 /* Resources */ = {
			isa = PBXResourcesBuildPhase;
			buildActionMask = 2147483647;
			files = (
				218A502F298EEA8F00C37E90 /* bookData.json in Resources */,
				218A4FEB298EDDED00C37E90 /* Preview Assets.xcassets in Resources */,
				218A4FE8298EDDED00C37E90 /* Assets.xcassets in Resources */,
			);
			runOnlyForDeploymentPostprocessing = 0;
		};
		218A4FEE298EDDEE00C37E90 /* Resources */ = {
			isa = PBXResourcesBuildPhase;
			buildActionMask = 2147483647;
			files = (
			);
			runOnlyForDeploymentPostprocessing = 0;
		};
		218A4FF8298EDDEE00C37E90 /* Resources */ = {
			isa = PBXResourcesBuildPhase;
			buildActionMask = 2147483647;
			files = (
			);
			runOnlyForDeploymentPostprocessing = 0;
		};
/* End PBXResourcesBuildPhase section */

/* Begin PBXSourcesBuildPhase section */
		218A4FDC298EDDEC00C37E90 /* Sources */ = {
			isa = PBXSourcesBuildPhase;
			buildActionMask = 2147483647;
			files = (
				218A5020298EE80600C37E90 /* CategoryRow.swift in Sources */,
				218A5029298EE88E00C37E90 /* Profile.swift in Sources */,
				218A5019298EE74600C37E90 /* BookList.swift in Sources */,
				218A4FE6298EDDEC00C37E90 /* ContentView.swift in Sources */,
				218A4FE4298EDDEC00C37E90 /* Book_CatalogApp.swift in Sources */,
				218A5022298EE82A00C37E90 /* CategoryHome.swift in Sources */,
				218A501D298EE79000C37E90 /* FavoriteButton.swift in Sources */,
				218A500F298EE5BC00C37E90 /* CircleImage.swift in Sources */,
				218A5013298EE6AA00C37E90 /* Book.swift in Sources */,
				218A5024298EE84E00C37E90 /* CategoryItem.swift in Sources */,
				218A5027298EE88200C37E90 /* ProfileHost.swift in Sources */,
				218A501B298EE76600C37E90 /* BookDetail.swift in Sources */,
				218A5011298EE63400C37E90 /* BookView.swift in Sources */,
				218A5015298EE6E100C37E90 /* ModelData.swift in Sources */,
				218A502D298EE8AF00C37E90 /* ProfileEditor.swift in Sources */,
				218A502B298EE89A00C37E90 /* ProfileSummary.swift in Sources */,
				218A5017298EE71200C37E90 /* BookRow.swift in Sources */,
			);
			runOnlyForDeploymentPostprocessing = 0;
		};
		218A4FEC298EDDEE00C37E90 /* Sources */ = {
			isa = PBXSourcesBuildPhase;
			buildActionMask = 2147483647;
			files = (
				218A4FF5298EDDEE00C37E90 /* Book_CatalogTests.swift in Sources */,
			);
			runOnlyForDeploymentPostprocessing = 0;
		};
		218A4FF6298EDDEE00C37E90 /* Sources */ = {
			isa = PBXSourcesBuildPhase;
			buildActionMask = 2147483647;
			files = (
				218A4FFF298EDDEE00C37E90 /* Book_CatalogUITests.swift in Sources */,
				218A5001298EDDEE00C37E90 /* Book_CatalogUITestsLaunchTests.swift in Sources */,
			);
			runOnlyForDeploymentPostprocessing = 0;
		};
/* End PBXSourcesBuildPhase section */

/* Begin PBXTargetDependency section */
		218A4FF2298EDDEE00C37E90 /* PBXTargetDependency */ = {
			isa = PBXTargetDependency;
			target = 218A4FDF298EDDEC00C37E90 /* Book Catalog */;
			targetProxy = 218A4FF1298EDDEE00C37E90 /* PBXContainerItemProxy */;
		};
		218A4FFC298EDDEE00C37E90 /* PBXTargetDependency */ = {
			isa = PBXTargetDependency;
			target = 218A4FDF298EDDEC00C37E90 /* Book Catalog */;
			targetProxy = 218A4FFB298EDDEE00C37E90 /* PBXContainerItemProxy */;
		};
/* End PBXTargetDependency section */

/* Begin XCBuildConfiguration section */
		218A5002298EDDEE00C37E90 /* Debug */ = {
			isa = XCBuildConfiguration;
			buildSettings = {
				ALWAYS_SEARCH_USER_PATHS = NO;
				CLANG_ANALYZER_NONNULL = YES;
				CLANG_ANALYZER_NUMBER_OBJECT_CONVERSION = YES_AGGRESSIVE;
				CLANG_CXX_LANGUAGE_STANDARD = "gnu++20";
				CLANG_ENABLE_MODULES = YES;
				CLANG_ENABLE_OBJC_ARC = YES;
				CLANG_ENABLE_OBJC_WEAK = YES;
				CLANG_WARN_BLOCK_CAPTURE_AUTORELEASING = YES;
				CLANG_WARN_BOOL_CONVERSION = YES;
				CLANG_WARN_COMMA = YES;
				CLANG_WARN_CONSTANT_CONVERSION = YES;
				CLANG_WARN_DEPRECATED_OBJC_IMPLEMENTATIONS = YES;
				CLANG_WARN_DIRECT_OBJC_ISA_USAGE = YES_ERROR;
				CLANG_WARN_DOCUMENTATION_COMMENTS = YES;
				CLANG_WARN_EMPTY_BODY = YES;
				CLANG_WARN_ENUM_CONVERSION = YES;
				CLANG_WARN_INFINITE_RECURSION = YES;
				CLANG_WARN_INT_CONVERSION = YES;
				CLANG_WARN_NON_LITERAL_NULL_CONVERSION = YES;
				CLANG_WARN_OBJC_IMPLICIT_RETAIN_SELF = YES;
				CLANG_WARN_OBJC_LITERAL_CONVERSION = YES;
				CLANG_WARN_OBJC_ROOT_CLASS = YES_ERROR;
				CLANG_WARN_QUOTED_INCLUDE_IN_FRAMEWORK_HEADER = YES;
				CLANG_WARN_RANGE_LOOP_ANALYSIS = YES;
				CLANG_WARN_STRICT_PROTOTYPES = YES;
				CLANG_WARN_SUSPICIOUS_MOVE = YES;
				CLANG_WARN_UNGUARDED_AVAILABILITY = YES_AGGRESSIVE;
				CLANG_WARN_UNREACHABLE_CODE = YES;
				CLANG_WARN__DUPLICATE_METHOD_MATCH = YES;
				COPY_PHASE_STRIP = NO;
				DEBUG_INFORMATION_FORMAT = dwarf;
				ENABLE_STRICT_OBJC_MSGSEND = YES;
				ENABLE_TESTABILITY = YES;
				GCC_C_LANGUAGE_STANDARD = gnu11;
				GCC_DYNAMIC_NO_PIC = NO;
				GCC_NO_COMMON_BLOCKS = YES;
				GCC_OPTIMIZATION_LEVEL = 0;
				GCC_PREPROCESSOR_DEFINITIONS = (
					"DEBUG=1",
					"$(inherited)",
				);
				GCC_WARN_64_TO_32_BIT_CONVERSION = YES;
				GCC_WARN_ABOUT_RETURN_TYPE = YES_ERROR;
				GCC_WARN_UNDECLARED_SELECTOR = YES;
				GCC_WARN_UNINITIALIZED_AUTOS = YES_AGGRESSIVE;
				GCC_WARN_UNUSED_FUNCTION = YES;
				GCC_WARN_UNUSED_VARIABLE = YES;
				IPHONEOS_DEPLOYMENT_TARGET = 16.2;
				MTL_ENABLE_DEBUG_INFO = INCLUDE_SOURCE;
				MTL_FAST_MATH = YES;
				ONLY_ACTIVE_ARCH = YES;
				SDKROOT = iphoneos;
				SWIFT_ACTIVE_COMPILATION_CONDITIONS = DEBUG;
				SWIFT_OPTIMIZATION_LEVEL = "-Onone";
			};
			name = Debug;
		};
		218A5003298EDDEE00C37E90 /* Release */ = {
			isa = XCBuildConfiguration;
			buildSettings = {
				ALWAYS_SEARCH_USER_PATHS = NO;
				CLANG_ANALYZER_NONNULL = YES;
				CLANG_ANALYZER_NUMBER_OBJECT_CONVERSION = YES_AGGRESSIVE;
				CLANG_CXX_LANGUAGE_STANDARD = "gnu++20";
				CLANG_ENABLE_MODULES = YES;
				CLANG_ENABLE_OBJC_ARC = YES;
				CLANG_ENABLE_OBJC_WEAK = YES;
				CLANG_WARN_BLOCK_CAPTURE_AUTORELEASING = YES;
				CLANG_WARN_BOOL_CONVERSION = YES;
				CLANG_WARN_COMMA = YES;
				CLANG_WARN_CONSTANT_CONVERSION = YES;
				CLANG_WARN_DEPRECATED_OBJC_IMPLEMENTATIONS = YES;
				CLANG_WARN_DIRECT_OBJC_ISA_USAGE = YES_ERROR;
				CLANG_WARN_DOCUMENTATION_COMMENTS = YES;
				CLANG_WARN_EMPTY_BODY = YES;
				CLANG_WARN_ENUM_CONVERSION = YES;
				CLANG_WARN_INFINITE_RECURSION = YES;
				CLANG_WARN_INT_CONVERSION = YES;
				CLANG_WARN_NON_LITERAL_NULL_CONVERSION = YES;
				CLANG_WARN_OBJC_IMPLICIT_RETAIN_SELF = YES;
				CLANG_WARN_OBJC_LITERAL_CONVERSION = YES;
				CLANG_WARN_OBJC_ROOT_CLASS = YES_ERROR;
				CLANG_WARN_QUOTED_INCLUDE_IN_FRAMEWORK_HEADER = YES;
				CLANG_WARN_RANGE_LOOP_ANALYSIS = YES;
				CLANG_WARN_STRICT_PROTOTYPES = YES;
				CLANG_WARN_SUSPICIOUS_MOVE = YES;
				CLANG_WARN_UNGUARDED_AVAILABILITY = YES_AGGRESSIVE;
				CLANG_WARN_UNREACHABLE_CODE = YES;
				CLANG_WARN__DUPLICATE_METHOD_MATCH = YES;
				COPY_PHASE_STRIP = NO;
				DEBUG_INFORMATION_FORMAT = "dwarf-with-dsym";
				ENABLE_NS_ASSERTIONS = NO;
				ENABLE_STRICT_OBJC_MSGSEND = YES;
				GCC_C_LANGUAGE_STANDARD = gnu11;
				GCC_NO_COMMON_BLOCKS = YES;
				GCC_WARN_64_TO_32_BIT_CONVERSION = YES;
				GCC_WARN_ABOUT_RETURN_TYPE = YES_ERROR;
				GCC_WARN_UNDECLARED_SELECTOR = YES;
				GCC_WARN_UNINITIALIZED_AUTOS = YES_AGGRESSIVE;
				GCC_WARN_UNUSED_FUNCTION = YES;
				GCC_WARN_UNUSED_VARIABLE = YES;
				IPHONEOS_DEPLOYMENT_TARGET = 16.2;
				MTL_ENABLE_DEBUG_INFO = NO;
				MTL_FAST_MATH = YES;
				SDKROOT = iphoneos;
				SWIFT_COMPILATION_MODE = wholemodule;
				SWIFT_OPTIMIZATION_LEVEL = "-O";
				VALIDATE_PRODUCT = YES;
			};
			name = Release;
		};
		218A5005298EDDEE00C37E90 /* Debug */ = {
			isa = XCBuildConfiguration;
			buildSettings = {
				ASSETCATALOG_COMPILER_APPICON_NAME = AppIcon;
				ASSETCATALOG_COMPILER_GLOBAL_ACCENT_COLOR_NAME = AccentColor;
				CODE_SIGN_STYLE = Automatic;
				CURRENT_PROJECT_VERSION = 1;
				DEVELOPMENT_ASSET_PATHS = "\"Book Catalog/Preview Content\"";
				ENABLE_PREVIEWS = YES;
				GENERATE_INFOPLIST_FILE = YES;
				INFOPLIST_KEY_UIApplicationSceneManifest_Generation = YES;
				INFOPLIST_KEY_UIApplicationSupportsIndirectInputEvents = YES;
				INFOPLIST_KEY_UILaunchScreen_Generation = YES;
				INFOPLIST_KEY_UISupportedInterfaceOrientations_iPad = "UIInterfaceOrientationPortrait UIInterfaceOrientationPortraitUpsideDown UIInterfaceOrientationLandscapeLeft UIInterfaceOrientationLandscapeRight";
				INFOPLIST_KEY_UISupportedInterfaceOrientations_iPhone = "UIInterfaceOrientationPortrait UIInterfaceOrientationLandscapeLeft UIInterfaceOrientationLandscapeRight";
				LD_RUNPATH_SEARCH_PATHS = (
					"$(inherited)",
					"@executable_path/Frameworks",
				);
				MARKETING_VERSION = 1.0;
				PRODUCT_BUNDLE_IDENTIFIER = "learning.Book-Catalog";
				PRODUCT_NAME = "$(TARGET_NAME)";
				SWIFT_EMIT_LOC_STRINGS = YES;
				SWIFT_VERSION = 5.0;
				TARGETED_DEVICE_FAMILY = "1,2";
			};
			name = Debug;
		};
		218A5006298EDDEE00C37E90 /* Release */ = {
			isa = XCBuildConfiguration;
			buildSettings = {
				ASSETCATALOG_COMPILER_APPICON_NAME = AppIcon;
				ASSETCATALOG_COMPILER_GLOBAL_ACCENT_COLOR_NAME = AccentColor;
				CODE_SIGN_STYLE = Automatic;
				CURRENT_PROJECT_VERSION = 1;
				DEVELOPMENT_ASSET_PATHS = "\"Book Catalog/Preview Content\"";
				ENABLE_PREVIEWS = YES;
				GENERATE_INFOPLIST_FILE = YES;
				INFOPLIST_KEY_UIApplicationSceneManifest_Generation = YES;
				INFOPLIST_KEY_UIApplicationSupportsIndirectInputEvents = YES;
				INFOPLIST_KEY_UILaunchScreen_Generation = YES;
				INFOPLIST_KEY_UISupportedInterfaceOrientations_iPad = "UIInterfaceOrientationPortrait UIInterfaceOrientationPortraitUpsideDown UIInterfaceOrientationLandscapeLeft UIInterfaceOrientationLandscapeRight";
				INFOPLIST_KEY_UISupportedInterfaceOrientations_iPhone = "UIInterfaceOrientationPortrait UIInterfaceOrientationLandscapeLeft UIInterfaceOrientationLandscapeRight";
				LD_RUNPATH_SEARCH_PATHS = (
					"$(inherited)",
					"@executable_path/Frameworks",
				);
				MARKETING_VERSION = 1.0;
				PRODUCT_BUNDLE_IDENTIFIER = "learning.Book-Catalog";
				PRODUCT_NAME = "$(TARGET_NAME)";
				SWIFT_EMIT_LOC_STRINGS = YES;
				SWIFT_VERSION = 5.0;
				TARGETED_DEVICE_FAMILY = "1,2";
			};
			name = Release;
		};
		218A5008298EDDEE00C37E90 /* Debug */ = {
			isa = XCBuildConfiguration;
			buildSettings = {
				ALWAYS_EMBED_SWIFT_STANDARD_LIBRARIES = YES;
				BUNDLE_LOADER = "$(TEST_HOST)";
				CODE_SIGN_STYLE = Automatic;
				CURRENT_PROJECT_VERSION = 1;
				GENERATE_INFOPLIST_FILE = YES;
				IPHONEOS_DEPLOYMENT_TARGET = 16.2;
				MARKETING_VERSION = 1.0;
				PRODUCT_BUNDLE_IDENTIFIER = "learning.Book-CatalogTests";
				PRODUCT_NAME = "$(TARGET_NAME)";
				SWIFT_EMIT_LOC_STRINGS = NO;
				SWIFT_VERSION = 5.0;
				TARGETED_DEVICE_FAMILY = "1,2";
				TEST_HOST = "$(BUILT_PRODUCTS_DIR)/Book Catalog.app/$(BUNDLE_EXECUTABLE_FOLDER_PATH)/Book Catalog";
			};
			name = Debug;
		};
		218A5009298EDDEE00C37E90 /* Release */ = {
			isa = XCBuildConfiguration;
			buildSettings = {
				ALWAYS_EMBED_SWIFT_STANDARD_LIBRARIES = YES;
				BUNDLE_LOADER = "$(TEST_HOST)";
				CODE_SIGN_STYLE = Automatic;
				CURRENT_PROJECT_VERSION = 1;
				GENERATE_INFOPLIST_FILE = YES;
				IPHONEOS_DEPLOYMENT_TARGET = 16.2;
				MARKETING_VERSION = 1.0;
				PRODUCT_BUNDLE_IDENTIFIER = "learning.Book-CatalogTests";
				PRODUCT_NAME = "$(TARGET_NAME)";
				SWIFT_EMIT_LOC_STRINGS = NO;
				SWIFT_VERSION = 5.0;
				TARGETED_DEVICE_FAMILY = "1,2";
				TEST_HOST = "$(BUILT_PRODUCTS_DIR)/Book Catalog.app/$(BUNDLE_EXECUTABLE_FOLDER_PATH)/Book Catalog";
			};
			name = Release;
		};
		218A500B298EDDEE00C37E90 /* Debug */ = {
			isa = XCBuildConfiguration;
			buildSettings = {
				ALWAYS_EMBED_SWIFT_STANDARD_LIBRARIES = YES;
				CODE_SIGN_STYLE = Automatic;
				CURRENT_PROJECT_VERSION = 1;
				GENERATE_INFOPLIST_FILE = YES;
				MARKETING_VERSION = 1.0;
				PRODUCT_BUNDLE_IDENTIFIER = "learning.Book-CatalogUITests";
				PRODUCT_NAME = "$(TARGET_NAME)";
				SWIFT_EMIT_LOC_STRINGS = NO;
				SWIFT_VERSION = 5.0;
				TARGETED_DEVICE_FAMILY = "1,2";
				TEST_TARGET_NAME = "Book Catalog";
			};
			name = Debug;
		};
		218A500C298EDDEE00C37E90 /* Release */ = {
			isa = XCBuildConfiguration;
			buildSettings = {
				ALWAYS_EMBED_SWIFT_STANDARD_LIBRARIES = YES;
				CODE_SIGN_STYLE = Automatic;
				CURRENT_PROJECT_VERSION = 1;
				GENERATE_INFOPLIST_FILE = YES;
				MARKETING_VERSION = 1.0;
				PRODUCT_BUNDLE_IDENTIFIER = "learning.Book-CatalogUITests";
				PRODUCT_NAME = "$(TARGET_NAME)";
				SWIFT_EMIT_LOC_STRINGS = NO;
				SWIFT_VERSION = 5.0;
				TARGETED_DEVICE_FAMILY = "1,2";
				TEST_TARGET_NAME = "Book Catalog";
			};
			name = Release;
		};
/* End XCBuildConfiguration section */

/* Begin XCConfigurationList section */
		218A4FDB298EDDEC00C37E90 /* Build configuration list for PBXProject "Book Catalog" */ = {
			isa = XCConfigurationList;
			buildConfigurations = (
				218A5002298EDDEE00C37E90 /* Debug */,
				218A5003298EDDEE00C37E90 /* Release */,
			);
			defaultConfigurationIsVisible = 0;
			defaultConfigurationName = Release;
		};
		218A5004298EDDEE00C37E90 /* Build configuration list for PBXNativeTarget "Book Catalog" */ = {
			isa = XCConfigurationList;
			buildConfigurations = (
				218A5005298EDDEE00C37E90 /* Debug */,
				218A5006298EDDEE00C37E90 /* Release */,
			);
			defaultConfigurationIsVisible = 0;
			defaultConfigurationName = Release;
		};
		218A5007298EDDEE00C37E90 /* Build configuration list for PBXNativeTarget "Book CatalogTests" */ = {
			isa = XCConfigurationList;
			buildConfigurations = (
				218A5008298EDDEE00C37E90 /* Debug */,
				218A5009298EDDEE00C37E90 /* Release */,
			);
			defaultConfigurationIsVisible = 0;
			defaultConfigurationName = Release;
		};
		218A500A298EDDEE00C37E90 /* Build configuration list for PBXNativeTarget "Book CatalogUITests" */ = {
			isa = XCConfigurationList;
			buildConfigurations = (
				218A500B298EDDEE00C37E90 /* Debug */,
				218A500C298EDDEE00C37E90 /* Release */,
			);
			defaultConfigurationIsVisible = 0;
			defaultConfigurationName = Release;
		};
/* End XCConfigurationList section */
	};
	rootObject = 218A4FD8298EDDEC00C37E90 /* Project object */;
}
